
Microsoft Visual Studio Solution File, Format Version 12.00
# Visual Studio Version 16
VisualStudioVersion = 16.0.30114.105
MinimumVisualStudioVersion = 10.0.40219.1
Project("{FAE04EC0-301F-11D3-BF4B-00C04F79EFBC}") = "API", "API\API.csproj", "{DC86C138-F511-4787-A8B9-975D03A462DE}"
EndProject
Project("{FAE04EC0-301F-11D3-BF4B-00C04F79EFBC}") = "Core", "Core\Core.csproj", "{241A489D-C480-4E74-884B-4B734EE7E9BF}"
EndProject
Project("{FAE04EC0-301F-11D3-BF4B-00C04F79EFBC}") = "Infrastructure", "Infrastructure\Infrastructure.csproj", "{C5C584DB-20A9-4661-B30F-421AE252D0D6}"
EndProject
Global
	GlobalSection(SolutionConfigurationPlatforms) = preSolution
		Debug|Any CPU = Debug|Any CPU
		Debug|x64 = Debug|x64
		Debug|x86 = Debug|x86
		Release|Any CPU = Release|Any CPU
		Release|x64 = Release|x64
		Release|x86 = Release|x86
	EndGlobalSection
	GlobalSection(SolutionProperties) = preSolution
		HideSolutionNode = FALSE
	EndGlobalSection
	GlobalSection(ProjectConfigurationPlatforms) = postSolution
		{DC86C138-F511-4787-A8B9-975D03A462DE}.Debug|Any CPU.ActiveCfg = Debug|Any CPU
		{DC86C138-F511-4787-A8B9-975D03A462DE}.Debug|Any CPU.Build.0 = Debug|Any CPU
		{DC86C138-F511-4787-A8B9-975D03A462DE}.Debug|x64.ActiveCfg = Debug|Any CPU
		{DC86C138-F511-4787-A8B9-975D03A462DE}.Debug|x64.Build.0 = Debug|Any CPU
		{DC86C138-F511-4787-A8B9-975D03A462DE}.Debug|x86.ActiveCfg = Debug|Any CPU
		{DC86C138-F511-4787-A8B9-975D03A462DE}.Debug|x86.Build.0 = Debug|Any CPU
		{DC86C138-F511-4787-A8B9-975D03A462DE}.Release|Any CPU.ActiveCfg = Release|Any CPU
		{DC86C138-F511-4787-A8B9-975D03A462DE}.Release|Any CPU.Build.0 = Release|Any CPU
		{DC86C138-F511-4787-A8B9-975D03A462DE}.Release|x64.ActiveCfg = Release|Any CPU
		{DC86C138-F511-4787-A8B9-975D03A462DE}.Release|x64.Build.0 = Release|Any CPU
		{DC86C138-F511-4787-A8B9-975D03A462DE}.Release|x86.ActiveCfg = Release|Any CPU
		{DC86C138-F511-4787-A8B9-975D03A462DE}.Release|x86.Build.0 = Release|Any CPU
		{241A489D-C480-4E74-884B-4B734EE7E9BF}.Debug|Any CPU.ActiveCfg = Debug|Any CPU
		{241A489D-C480-4E74-884B-4B734EE7E9BF}.Debug|Any CPU.Build.0 = Debug|Any CPU
		{241A489D-C480-4E74-884B-4B734EE7E9BF}.Debug|x64.ActiveCfg = Debug|Any CPU
		{241A489D-C480-4E74-884B-4B734EE7E9BF}.Debug|x64.Build.0 = Debug|Any CPU
		{241A489D-C480-4E74-884B-4B734EE7E9BF}.Debug|x86.ActiveCfg = Debug|Any CPU
		{241A489D-C480-4E74-884B-4B734EE7E9BF}.Debug|x86.Build.0 = Debug|Any CPU
		{241A489D-C480-4E74-884B-4B734EE7E9BF}.Release|Any CPU.ActiveCfg = Release|Any CPU
		{241A489D-C480-4E74-884B-4B734EE7E9BF}.Release|Any CPU.Build.0 = Release|Any CPU
		{241A489D-C480-4E74-884B-4B734EE7E9BF}.Release|x64.ActiveCfg = Release|Any CPU
		{241A489D-C480-4E74-884B-4B734EE7E9BF}.Release|x64.Build.0 = Release|Any CPU
		{241A489D-C480-4E74-884B-4B734EE7E9BF}.Release|x86.ActiveCfg = Release|Any CPU
		{241A489D-C480-4E74-884B-4B734EE7E9BF}.Release|x86.Build.0 = Release|Any CPU
		{C5C584DB-20A9-4661-B30F-421AE252D0D6}.Debug|Any CPU.ActiveCfg = Debug|Any CPU
		{C5C584DB-20A9-4661-B30F-421AE252D0D6}.Debug|Any CPU.Build.0 = Debug|Any CPU
		{C5C584DB-20A9-4661-B30F-421AE252D0D6}.Debug|x64.ActiveCfg = Debug|Any CPU
		{C5C584DB-20A9-4661-B30F-421AE252D0D6}.Debug|x64.Build.0 = Debug|Any CPU
		{C5C584DB-20A9-4661-B30F-421AE252D0D6}.Debug|x86.ActiveCfg = Debug|Any CPU
		{C5C584DB-20A9-4661-B30F-421AE252D0D6}.Debug|x86.Build.0 = Debug|Any CPU
		{C5C584DB-20A9-4661-B30F-421AE252D0D6}.Release|Any CPU.ActiveCfg = Release|Any CPU
		{C5C584DB-20A9-4661-B30F-421AE252D0D6}.Release|Any CPU.Build.0 = Release|Any CPU
		{C5C584DB-20A9-4661-B30F-421AE252D0D6}.Release|x64.ActiveCfg = Release|Any CPU
		{C5C584DB-20A9-4661-B30F-421AE252D0D6}.Release|x64.Build.0 = Release|Any CPU
		{C5C584DB-20A9-4661-B30F-421AE252D0D6}.Release|x86.ActiveCfg = Release|Any CPU
		{C5C584DB-20A9-4661-B30F-421AE252D0D6}.Release|x86.Build.0 = Release|Any CPU
	EndGlobalSection
EndGlobal
